
Microsoft Visual Studio Solution File, Format Version 12.00
# Visual Studio Version 17
VisualStudioVersion = 17.1.32228.430
MinimumVisualStudioVersion = 10.0.40219.1
Project("{9A19103F-16F7-4668-BE54-9A1E7A4F7556}") = "DAL", "DAL\DAL.csproj", "{8FD46233-6C79-4813-867E-80FC638BE524}"
EndProject
Project("{9A19103F-16F7-4668-BE54-9A1E7A4F7556}") = "Logic", "Logic\Logic.csproj", "{B21A8B0D-F7E0-468B-8181-4DEA84DB3EB9}"
EndProject
Project("{9A19103F-16F7-4668-BE54-9A1E7A4F7556}") = "OnlineStoreV1", "OnlineStoreV1\OnlineStoreV1.csproj", "{912683C4-F324-4245-AD6D-1FBE17B8D9B9}"
EndProject
Global
	GlobalSection(SolutionConfigurationPlatforms) = preSolution
		Debug|Any CPU = Debug|Any CPU
		Release|Any CPU = Release|Any CPU
	EndGlobalSection
	GlobalSection(ProjectConfigurationPlatforms) = postSolution
		{8FD46233-6C79-4813-867E-80FC638BE524}.Debug|Any CPU.ActiveCfg = Debug|Any CPU
		{8FD46233-6C79-4813-867E-80FC638BE524}.Debug|Any CPU.Build.0 = Debug|Any CPU
		{8FD46233-6C79-4813-867E-80FC638BE524}.Release|Any CPU.ActiveCfg = Release|Any CPU
		{8FD46233-6C79-4813-867E-80FC638BE524}.Release|Any CPU.Build.0 = Release|Any CPU
		{B21A8B0D-F7E0-468B-8181-4DEA84DB3EB9}.Debug|Any CPU.ActiveCfg = Debug|Any CPU
		{B21A8B0D-F7E0-468B-8181-4DEA84DB3EB9}.Debug|Any CPU.Build.0 = Debug|Any CPU
		{B21A8B0D-F7E0-468B-8181-4DEA84DB3EB9}.Release|Any CPU.ActiveCfg = Release|Any CPU
		{B21A8B0D-F7E0-468B-8181-4DEA84DB3EB9}.Release|Any CPU.Build.0 = Release|Any CPU
		{912683C4-F324-4245-AD6D-1FBE17B8D9B9}.Debug|Any CPU.ActiveCfg = Debug|Any CPU
		{912683C4-F324-4245-AD6D-1FBE17B8D9B9}.Debug|Any CPU.Build.0 = Debug|Any CPU
		{912683C4-F324-4245-AD6D-1FBE17B8D9B9}.Release|Any CPU.ActiveCfg = Release|Any CPU
		{912683C4-F324-4245-AD6D-1FBE17B8D9B9}.Release|Any CPU.Build.0 = Release|Any CPU
	EndGlobalSection
	GlobalSection(SolutionProperties) = preSolution
		HideSolutionNode = FALSE
	EndGlobalSection
	GlobalSection(ExtensibilityGlobals) = postSolution
		SolutionGuid = {7D8C3754-554A-4492-B514-E6D728416DD7}
	EndGlobalSection
EndGlobal
